
Microsoft Visual Studio Solution File, Format Version 12.00
# Visual Studio Version 17
VisualStudioVersion = 17.13.35919.96
MinimumVisualStudioVersion = 10.0.40219.1
Project("{FAE04EC0-301F-11D3-BF4B-00C04F79EFBC}") = "cuestionarioNom", "cuestionarioNom\cuestionarioNom.csproj", "{7E11F1B0-0EE4-47EB-8C81-6B7BAFBF35EA}"
EndProject
Global
	GlobalSection(SolutionConfigurationPlatforms) = preSolution
		Debug|Any CPU = Debug|Any CPU
		Release|Any CPU = Release|Any CPU
	EndGlobalSection
	GlobalSection(ProjectConfigurationPlatforms) = postSolution
		{7E11F1B0-0EE4-47EB-8C81-6B7BAFBF35EA}.Debug|Any CPU.ActiveCfg = Debug|Any CPU
		{7E11F1B0-0EE4-47EB-8C81-6B7BAFBF35EA}.Debug|Any CPU.Build.0 = Debug|Any CPU
		{7E11F1B0-0EE4-47EB-8C81-6B7BAFBF35EA}.Release|Any CPU.ActiveCfg = Release|Any CPU
		{7E11F1B0-0EE4-47EB-8C81-6B7BAFBF35EA}.Release|Any CPU.Build.0 = Release|Any CPU
	EndGlobalSection
	GlobalSection(SolutionProperties) = preSolution
		HideSolutionNode = FALSE
	EndGlobalSection
	GlobalSection(ExtensibilityGlobals) = postSolution
		SolutionGuid = {AD7812BC-37A7-430F-90E3-92A97A1D200D}
	EndGlobalSection
EndGlobal
